{
  "name": "Athena",
  "lockfileVersion": 2,
  "requires": true,
  "packages": {
    "": {
      "dependencies": {
        "@klayver/poe-api-wrappers": "^2.1.0"
      }
    },
    "node_modules/@klayver/poe-api-wrappers": {
      "version": "2.1.0",
      "resolved": "https://registry.npmjs.org/@klayver/poe-api-wrappers/-/poe-api-wrappers-2.1.0.tgz",
      "integrity": "sha512-r8m4H/1Ob6GyLx5BT0+yRyVcu0ApIgRR+xyT05+NlxG8N5lJY31gkDR3J4wibsVr9sFGDwoXmqCkTv4MK2BSaw==",
      "dependencies": {
        "axios": "^0.21.1",
        "class-transformer": "^0.4.0",
        "reflect-metadata": "^0.1.13"
      }
    },
    "node_modules/axios": {
      "version": "0.21.4",
      "resolved": "https://registry.npmjs.org/axios/-/axios-0.21.4.tgz",
      "integrity": "sha512-ut5vewkiu8jjGBdqpM44XxjuCjq9LAKeHVmoVfHVzy8eHgxxq8SbAVQNovDA8mVi05kP0Ea/n/UzcSHcTJQfNg==",
      "dependencies": {
        "follow-redirects": "^1.14.0"
      }
    },
    "node_modules/class-transformer": {
      "version": "0.4.0",
      "resolved": "https://registry.npmjs.org/class-transformer/-/class-transformer-0.4.0.tgz",
      "integrity": "sha512-ETWD/H2TbWbKEi7m9N4Km5+cw1hNcqJSxlSYhsLsNjQzWWiZIYA1zafxpK9PwVfaZ6AqR5rrjPVUBGESm5tQUA=="
    },
    "node_modules/follow-redirects": {
      "version": "1.15.2",
      "resolved": "https://registry.npmjs.org/follow-redirects/-/follow-redirects-1.15.2.tgz",
      "integrity": "sha512-VQLG33o04KaQ8uYi2tVNbdrWp1QWxNNea+nmIB4EVM28v0hmP17z7aG1+wAkNzVq4KeXTq3221ye5qTJP91JwA==",
      "funding": [
        {
          "type": "individual",
          "url": "https://github.com/sponsors/RubenVerborgh"
        }
      ],
      "engines": {
        "node": ">=4.0"
      },
      "peerDependenciesMeta": {
        "debug": {
          "optional": true
        }
      }
    },
    "node_modules/reflect-metadata": {
      "version": "0.1.13",
      "resolved": "https://registry.npmjs.org/reflect-metadata/-/reflect-metadata-0.1.13.tgz",
      "integrity": "sha512-Ts1Y/anZELhSsjMcU605fU9RE4Oi3p5ORujwbIKXfWa+0Zxs510Qrmrce5/Jowq3cHSZSJqBjypxmHarc+vEWg=="
    }
  },
  "dependencies": {
    "@klayver/poe-api-wrappers": {
      "version": "2.1.0",
      "resolved": "https://registry.npmjs.org/@klayver/poe-api-wrappers/-/poe-api-wrappers-2.1.0.tgz",
      "integrity": "sha512-r8m4H/1Ob6GyLx5BT0+yRyVcu0ApIgRR+xyT05+NlxG8N5lJY31gkDR3J4wibsVr9sFGDwoXmqCkTv4MK2BSaw==",
      "requires": {
        "axios": "^0.21.1",
        "class-transformer": "^0.4.0",
        "reflect-metadata": "^0.1.13"
      }
    },
    "axios": {
      "version": "0.21.4",
      "resolved": "https://registry.npmjs.org/axios/-/axios-0.21.4.tgz",
      "integrity": "sha512-ut5vewkiu8jjGBdqpM44XxjuCjq9LAKeHVmoVfHVzy8eHgxxq8SbAVQNovDA8mVi05kP0Ea/n/UzcSHcTJQfNg==",
      "requires": {
        "follow-redirects": "^1.14.0"
      }
    },
    "class-transformer": {
      "version": "0.4.0",
      "resolved": "https://registry.npmjs.org/class-transformer/-/class-transformer-0.4.0.tgz",
      "integrity": "sha512-ETWD/H2TbWbKEi7m9N4Km5+cw1hNcqJSxlSYhsLsNjQzWWiZIYA1zafxpK9PwVfaZ6AqR5rrjPVUBGESm5tQUA=="
    },
    "follow-redirects": {
      "version": "1.15.2",
      "resolved": "https://registry.npmjs.org/follow-redirects/-/follow-redirects-1.15.2.tgz",
      "integrity": "sha512-VQLG33o04KaQ8uYi2tVNbdrWp1QWxNNea+nmIB4EVM28v0hmP17z7aG1+wAkNzVq4KeXTq3221ye5qTJP91JwA=="
    },
    "reflect-metadata": {
      "version": "0.1.13",
      "resolved": "https://registry.npmjs.org/reflect-metadata/-/reflect-metadata-0.1.13.tgz",
      "integrity": "sha512-Ts1Y/anZELhSsjMcU605fU9RE4Oi3p5ORujwbIKXfWa+0Zxs510Qrmrce5/Jowq3cHSZSJqBjypxmHarc+vEWg=="
    }
  }
}
